
Microsoft Visual Studio Solution File, Format Version 12.00
# Visual Studio Version 17
VisualStudioVersion = 17.8.34330.188
MinimumVisualStudioVersion = 10.0.40219.1
Project("{888888A0-9F3D-457C-B088-3A5042F75D52}") = "image_upscale_python", "image_upscale_python.pyproj", "{5732B94D-33C9-4E0D-8657-0AE67B35E5C0}"
EndProject
Global
	GlobalSection(SolutionConfigurationPlatforms) = preSolution
		Debug|Any CPU = Debug|Any CPU
		Release|Any CPU = Release|Any CPU
	EndGlobalSection
	GlobalSection(ProjectConfigurationPlatforms) = postSolution
		{5732B94D-33C9-4E0D-8657-0AE67B35E5C0}.Debug|Any CPU.ActiveCfg = Debug|Any CPU
		{5732B94D-33C9-4E0D-8657-0AE67B35E5C0}.Release|Any CPU.ActiveCfg = Release|Any CPU
	EndGlobalSection
	GlobalSection(SolutionProperties) = preSolution
		HideSolutionNode = FALSE
	EndGlobalSection
	GlobalSection(ExtensibilityGlobals) = postSolution
		SolutionGuid = {A386BDF0-227A-4D83-A425-F7F2E6144759}
	EndGlobalSection
EndGlobal
